// !$*UTF8*$!
{
	archiveVersion = 1;
	classes = {
	};
	objectVersion = 46;
	objects = {

/* Begin PBXBuildFile section */
		680C7BC41B9EC64600FC6DAA /* AppDelegate.swift in Sources */ = {isa = PBXBuildFile; fileRef = 680C7BC31B9EC64600FC6DAA /* AppDelegate.swift */; };
		680C7BC61B9EC64600FC6DAA /* ViewController.swift in Sources */ = {isa = PBXBuildFile; fileRef = 680C7BC51B9EC64600FC6DAA /* ViewController.swift */; };
		680C7BC91B9EC64600FC6DAA /* Main.storyboard in Resources */ = {isa = PBXBuildFile; fileRef = 680C7BC71B9EC64600FC6DAA /* Main.storyboard */; };
		680C7BCB1B9EC64600FC6DAA /* Images.xcassets in Resources */ = {isa = PBXBuildFile; fileRef = 680C7BCA1B9EC64600FC6DAA /* Images.xcassets */; };
		680C7BCE1B9EC64600FC6DAA /* LaunchScreen.xib in Resources */ = {isa = PBXBuildFile; fileRef = 680C7BCC1B9EC64600FC6DAA /* LaunchScreen.xib */; };
		680C7BDA1B9EC64600FC6DAA /* SimulationTests.swift in Sources */ = {isa = PBXBuildFile; fileRef = 680C7BD91B9EC64600FC6DAA /* SimulationTests.swift */; };
		680C7BE51B9EC6B300FC6DAA /* MUser.swift in Sources */ = {isa = PBXBuildFile; fileRef = 680C7BE41B9EC6B300FC6DAA /* MUser.swift */; };
		680C7BE71B9EC6F800FC6DAA /* AP.swift in Sources */ = {isa = PBXBuildFile; fileRef = 680C7BE61B9EC6F800FC6DAA /* AP.swift */; };
		680C7BE91B9EC71700FC6DAA /* Cloudlet.swift in Sources */ = {isa = PBXBuildFile; fileRef = 680C7BE81B9EC71700FC6DAA /* Cloudlet.swift */; };
		685977241BA19F4E00762116 /* Manager.swift in Sources */ = {isa = PBXBuildFile; fileRef = 685977231BA19F4E00762116 /* Manager.swift */; };
		685C088A1BAD3B41004BFD0A /* Dijkstra.swift in Sources */ = {isa = PBXBuildFile; fileRef = 685C08891BAD3B41004BFD0A /* Dijkstra.swift */; };
		68C54FBF1BA01F6A00A5DECE /* Task.swift in Sources */ = {isa = PBXBuildFile; fileRef = 68C54FBE1BA01F6A00A5DECE /* Task.swift */; };
		68F6E4D81BE8E49400956E7F /* Constants.swift in Sources */ = {isa = PBXBuildFile; fileRef = 68F6E4D71BE8E49400956E7F /* Constants.swift */; settings = {ASSET_TAGS = (); }; };
/* End PBXBuildFile section */

/* Begin PBXContainerItemProxy section */
		680C7BD41B9EC64600FC6DAA /* PBXContainerItemProxy */ = {
			isa = PBXContainerItemProxy;
			containerPortal = 680C7BB61B9EC64600FC6DAA /* Project object */;
			proxyType = 1;
			remoteGlobalIDString = 680C7BBD1B9EC64600FC6DAA;
			remoteInfo = Simulation;
		};
/* End PBXContainerItemProxy section */

/* Begin PBXFileReference section */
		680C7BBE1B9EC64600FC6DAA /* Simulation.app */ = {isa = PBXFileReference; explicitFileType = wrapper.application; includeInIndex = 0; path = Simulation.app; sourceTree = BUILT_PRODUCTS_DIR; };
		680C7BC21B9EC64600FC6DAA /* Info.plist */ = {isa = PBXFileReference; lastKnownFileType = text.plist.xml; path = Info.plist; sourceTree = "<group>"; };
		680C7BC31B9EC64600FC6DAA /* AppDelegate.swift */ = {isa = PBXFileReference; lastKnownFileType = sourcecode.swift; path = AppDelegate.swift; sourceTree = "<group>"; };
		680C7BC51B9EC64600FC6DAA /* ViewController.swift */ = {isa = PBXFileReference; lastKnownFileType = sourcecode.swift; path = ViewController.swift; sourceTree = "<group>"; };
		680C7BC81B9EC64600FC6DAA /* Base */ = {isa = PBXFileReference; lastKnownFileType = file.storyboard; name = Base; path = Base.lproj/Main.storyboard; sourceTree = "<group>"; };
		680C7BCA1B9EC64600FC6DAA /* Images.xcassets */ = {isa = PBXFileReference; lastKnownFileType = folder.assetcatalog; path = Images.xcassets; sourceTree = "<group>"; };
		680C7BCD1B9EC64600FC6DAA /* Base */ = {isa = PBXFileReference; lastKnownFileType = file.xib; name = Base; path = Base.lproj/LaunchScreen.xib; sourceTree = "<group>"; };
		680C7BD31B9EC64600FC6DAA /* SimulationTests.xctest */ = {isa = PBXFileReference; explicitFileType = wrapper.cfbundle; includeInIndex = 0; path = SimulationTests.xctest; sourceTree = BUILT_PRODUCTS_DIR; };
		680C7BD81B9EC64600FC6DAA /* Info.plist */ = {isa = PBXFileReference; lastKnownFileType = text.plist.xml; path = Info.plist; sourceTree = "<group>"; };
		680C7BD91B9EC64600FC6DAA /* SimulationTests.swift */ = {isa = PBXFileReference; lastKnownFileType = sourcecode.swift; path = SimulationTests.swift; sourceTree = "<group>"; };
		680C7BE41B9EC6B300FC6DAA /* MUser.swift */ = {isa = PBXFileReference; fileEncoding = 4; lastKnownFileType = sourcecode.swift; path = MUser.swift; sourceTree = "<group>"; };
		680C7BE61B9EC6F800FC6DAA /* AP.swift */ = {isa = PBXFileReference; fileEncoding = 4; lastKnownFileType = sourcecode.swift; path = AP.swift; sourceTree = "<group>"; };
		680C7BE81B9EC71700FC6DAA /* Cloudlet.swift */ = {isa = PBXFileReference; fileEncoding = 4; lastKnownFileType = sourcecode.swift; path = Cloudlet.swift; sourceTree = "<group>"; };
		685977231BA19F4E00762116 /* Manager.swift */ = {isa = PBXFileReference; fileEncoding = 4; lastKnownFileType = sourcecode.swift; path = Manager.swift; sourceTree = "<group>"; };
		685C08891BAD3B41004BFD0A /* Dijkstra.swift */ = {isa = PBXFileReference; fileEncoding = 4; lastKnownFileType = sourcecode.swift; path = Dijkstra.swift; sourceTree = "<group>"; };
		68C54FBE1BA01F6A00A5DECE /* Task.swift */ = {isa = PBXFileReference; fileEncoding = 4; lastKnownFileType = sourcecode.swift; path = Task.swift; sourceTree = "<group>"; };
		68F6E4D71BE8E49400956E7F /* Constants.swift */ = {isa = PBXFileReference; fileEncoding = 4; lastKnownFileType = sourcecode.swift; path = Constants.swift; sourceTree = "<group>"; };
/* End PBXFileReference section */

/* Begin PBXFrameworksBuildPhase section */
		680C7BBB1B9EC64600FC6DAA /* Frameworks */ = {
			isa = PBXFrameworksBuildPhase;
			buildActionMask = 2147483647;
			files = (
			);
			runOnlyForDeploymentPostprocessing = 0;
		};
		680C7BD01B9EC64600FC6DAA /* Frameworks */ = {
			isa = PBXFrameworksBuildPhase;
			buildActionMask = 2147483647;
			files = (
			);
			runOnlyForDeploymentPostprocessing = 0;
		};
/* End PBXFrameworksBuildPhase section */

/* Begin PBXGroup section */
		680C7BB51B9EC64600FC6DAA = {
			isa = PBXGroup;
			children = (
				680C7BC01B9EC64600FC6DAA /* Simulation */,
				680C7BD61B9EC64600FC6DAA /* SimulationTests */,
				680C7BBF1B9EC64600FC6DAA /* Products */,
			);
			sourceTree = "<group>";
		};
		680C7BBF1B9EC64600FC6DAA /* Products */ = {
			isa = PBXGroup;
			children = (
				680C7BBE1B9EC64600FC6DAA /* Simulation.app */,
				680C7BD31B9EC64600FC6DAA /* SimulationTests.xctest */,
			);
			name = Products;
			sourceTree = "<group>";
		};
		680C7BC01B9EC64600FC6DAA /* Simulation */ = {
			isa = PBXGroup;
			children = (
				680C7BE31B9EC66C00FC6DAA /* Model */,
				680C7BC31B9EC64600FC6DAA /* AppDelegate.swift */,
				680C7BC51B9EC64600FC6DAA /* ViewController.swift */,
				680C7BC71B9EC64600FC6DAA /* Main.storyboard */,
				680C7BCA1B9EC64600FC6DAA /* Images.xcassets */,
				680C7BCC1B9EC64600FC6DAA /* LaunchScreen.xib */,
				680C7BC11B9EC64600FC6DAA /* Supporting Files */,
			);
			path = Simulation;
			sourceTree = "<group>";
		};
		680C7BC11B9EC64600FC6DAA /* Supporting Files */ = {
			isa = PBXGroup;
			children = (
				680C7BC21B9EC64600FC6DAA /* Info.plist */,
			);
			name = "Supporting Files";
			sourceTree = "<group>";
		};
		680C7BD61B9EC64600FC6DAA /* SimulationTests */ = {
			isa = PBXGroup;
			children = (
				680C7BD91B9EC64600FC6DAA /* SimulationTests.swift */,
				680C7BD71B9EC64600FC6DAA /* Supporting Files */,
			);
			path = SimulationTests;
			sourceTree = "<group>";
		};
		680C7BD71B9EC64600FC6DAA /* Supporting Files */ = {
			isa = PBXGroup;
			children = (
				680C7BD81B9EC64600FC6DAA /* Info.plist */,
			);
			name = "Supporting Files";
			sourceTree = "<group>";
		};
		680C7BE31B9EC66C00FC6DAA /* Model */ = {
			isa = PBXGroup;
			children = (
				680C7BE41B9EC6B300FC6DAA /* MUser.swift */,
				680C7BE61B9EC6F800FC6DAA /* AP.swift */,
				680C7BE81B9EC71700FC6DAA /* Cloudlet.swift */,
				68C54FBE1BA01F6A00A5DECE /* Task.swift */,
				685977231BA19F4E00762116 /* Manager.swift */,
				685C08891BAD3B41004BFD0A /* Dijkstra.swift */,
				68F6E4D71BE8E49400956E7F /* Constants.swift */,
			);
			name = Model;
			sourceTree = "<group>";
		};
/* End PBXGroup section */

/* Begin PBXNativeTarget section */
		680C7BBD1B9EC64600FC6DAA /* Simulation */ = {
			isa = PBXNativeTarget;
			buildConfigurationList = 680C7BDD1B9EC64600FC6DAA /* Build configuration list for PBXNativeTarget "Simulation" */;
			buildPhases = (
				680C7BBA1B9EC64600FC6DAA /* Sources */,
				680C7BBB1B9EC64600FC6DAA /* Frameworks */,
				680C7BBC1B9EC64600FC6DAA /* Resources */,
			);
			buildRules = (
			);
			dependencies = (
			);
			name = Simulation;
			productName = Simulation;
			productReference = 680C7BBE1B9EC64600FC6DAA /* Simulation.app */;
			productType = "com.apple.product-type.application";
		};
		680C7BD21B9EC64600FC6DAA /* SimulationTests */ = {
			isa = PBXNativeTarget;
			buildConfigurationList = 680C7BE01B9EC64600FC6DAA /* Build configuration list for PBXNativeTarget "SimulationTests" */;
			buildPhases = (
				680C7BCF1B9EC64600FC6DAA /* Sources */,
				680C7BD01B9EC64600FC6DAA /* Frameworks */,
				680C7BD11B9EC64600FC6DAA /* Resources */,
			);
			buildRules = (
			);
			dependencies = (
				680C7BD51B9EC64600FC6DAA /* PBXTargetDependency */,
			);
			name = SimulationTests;
			productName = SimulationTests;
			productReference = 680C7BD31B9EC64600FC6DAA /* SimulationTests.xctest */;
			productType = "com.apple.product-type.bundle.unit-test";
		};
/* End PBXNativeTarget section */

/* Begin PBXProject section */
		680C7BB61B9EC64600FC6DAA /* Project object */ = {
			isa = PBXProject;
			attributes = {
				LastSwiftUpdateCheck = 0700;
				LastUpgradeCheck = 0700;
				ORGANIZATIONNAME = "郝赟";
				TargetAttributes = {
					680C7BBD1B9EC64600FC6DAA = {
						CreatedOnToolsVersion = 6.3.1;
					};
					680C7BD21B9EC64600FC6DAA = {
						CreatedOnToolsVersion = 6.3.1;
						TestTargetID = 680C7BBD1B9EC64600FC6DAA;
					};
				};
			};
			buildConfigurationList = 680C7BB91B9EC64600FC6DAA /* Build configuration list for PBXProject "Simulation" */;
			compatibilityVersion = "Xcode 3.2";
			developmentRegion = English;
			hasScannedForEncodings = 0;
			knownRegions = (
				en,
				Base,
			);
			mainGroup = 680C7BB51B9EC64600FC6DAA;
			productRefGroup = 680C7BBF1B9EC64600FC6DAA /* Products */;
			projectDirPath = "";
			projectRoot = "";
			targets = (
				680C7BBD1B9EC64600FC6DAA /* Simulation */,
				680C7BD21B9EC64600FC6DAA /* SimulationTests */,
			);
		};
/* End PBXProject section */

/* Begin PBXResourcesBuildPhase section */
		680C7BBC1B9EC64600FC6DAA /* Resources */ = {
			isa = PBXResourcesBuildPhase;
			buildActionMask = 2147483647;
			files = (
				680C7BC91B9EC64600FC6DAA /* Main.storyboard in Resources */,
				680C7BCE1B9EC64600FC6DAA /* LaunchScreen.xib in Resources */,
				680C7BCB1B9EC64600FC6DAA /* Images.xcassets in Resources */,
			);
			runOnlyForDeploymentPostprocessing = 0;
		};
		680C7BD11B9EC64600FC6DAA /* Resources */ = {
			isa = PBXResourcesBuildPhase;
			buildActionMask = 2147483647;
			files = (
			);
			runOnlyForDeploymentPostprocessing = 0;
		};
/* End PBXResourcesBuildPhase section */

/* Begin PBXSourcesBuildPhase section */
		680C7BBA1B9EC64600FC6DAA /* Sources */ = {
			isa = PBXSourcesBuildPhase;
			buildActionMask = 2147483647;
			files = (
				680C7BE71B9EC6F800FC6DAA /* AP.swift in Sources */,
				680C7BE91B9EC71700FC6DAA /* Cloudlet.swift in Sources */,
				680C7BC61B9EC64600FC6DAA /* ViewController.swift in Sources */,
				680C7BE51B9EC6B300FC6DAA /* MUser.swift in Sources */,
				685977241BA19F4E00762116 /* Manager.swift in Sources */,
				685C088A1BAD3B41004BFD0A /* Dijkstra.swift in Sources */,
				68C54FBF1BA01F6A00A5DECE /* Task.swift in Sources */,
				680C7BC41B9EC64600FC6DAA /* AppDelegate.swift in Sources */,
				68F6E4D81BE8E49400956E7F /* Constants.swift in Sources */,
			);
			runOnlyForDeploymentPostprocessing = 0;
		};
		680C7BCF1B9EC64600FC6DAA /* Sources */ = {
			isa = PBXSourcesBuildPhase;
			buildActionMask = 2147483647;
			files = (
				680C7BDA1B9EC64600FC6DAA /* SimulationTests.swift in Sources */,
			);
			runOnlyForDeploymentPostprocessing = 0;
		};
/* End PBXSourcesBuildPhase section */

/* Begin PBXTargetDependency section */
		680C7BD51B9EC64600FC6DAA /* PBXTargetDependency */ = {
			isa = PBXTargetDependency;
			target = 680C7BBD1B9EC64600FC6DAA /* Simulation */;
			targetProxy = 680C7BD41B9EC64600FC6DAA /* PBXContainerItemProxy */;
		};
/* End PBXTargetDependency section */

/* Begin PBXVariantGroup section */
		680C7BC71B9EC64600FC6DAA /* Main.storyboard */ = {
			isa = PBXVariantGroup;
			children = (
				680C7BC81B9EC64600FC6DAA /* Base */,
			);
			name = Main.storyboard;
			sourceTree = "<group>";
		};
		680C7BCC1B9EC64600FC6DAA /* LaunchScreen.xib */ = {
			isa = PBXVariantGroup;
			children = (
				680C7BCD1B9EC64600FC6DAA /* Base */,
			);
			name = LaunchScreen.xib;
			sourceTree = "<group>";
		};
/* End PBXVariantGroup section */

/* Begin XCBuildConfiguration section */
		680C7BDB1B9EC64600FC6DAA /* Debug */ = {
			isa = XCBuildConfiguration;
			buildSettings = {
				ALWAYS_SEARCH_USER_PATHS = NO;
				CLANG_CXX_LANGUAGE_STANDARD = "gnu++0x";
				CLANG_CXX_LIBRARY = "libc++";
				CLANG_ENABLE_MODULES = YES;
				CLANG_ENABLE_OBJC_ARC = YES;
				CLANG_WARN_BOOL_CONVERSION = YES;
				CLANG_WARN_CONSTANT_CONVERSION = YES;
				CLANG_WARN_DIRECT_OBJC_ISA_USAGE = YES_ERROR;
				CLANG_WARN_EMPTY_BODY = YES;
				CLANG_WARN_ENUM_CONVERSION = YES;
				CLANG_WARN_INT_CONVERSION = YES;
				CLANG_WARN_OBJC_ROOT_CLASS = YES_ERROR;
				CLANG_WARN_UNREACHABLE_CODE = YES;
				CLANG_WARN__DUPLICATE_METHOD_MATCH = YES;
				"CODE_SIGN_IDENTITY[sdk=iphoneos*]" = "iPhone Developer";
				COPY_PHASE_STRIP = NO;
				DEBUG_INFORMATION_FORMAT = "dwarf-with-dsym";
				ENABLE_STRICT_OBJC_MSGSEND = YES;
				ENABLE_TESTABILITY = YES;
				GCC_C_LANGUAGE_STANDARD = gnu99;
				GCC_DYNAMIC_NO_PIC = NO;
				GCC_NO_COMMON_BLOCKS = YES;
				GCC_OPTIMIZATION_LEVEL = 0;
				GCC_PREPROCESSOR_DEFINITIONS = (
					"DEBUG=1",
					"$(inherited)",
				);
				GCC_SYMBOLS_PRIVATE_EXTERN = NO;
				GCC_WARN_64_TO_32_BIT_CONVERSION = YES;
				GCC_WARN_ABOUT_RETURN_TYPE = YES_ERROR;
				GCC_WARN_UNDECLARED_SELECTOR = YES;
				GCC_WARN_UNINITIALIZED_AUTOS = YES_AGGRESSIVE;
				GCC_WARN_UNUSED_FUNCTION = YES;
				GCC_WARN_UNUSED_VARIABLE = YES;
				IPHONEOS_DEPLOYMENT_TARGET = 9.0;
				MTL_ENABLE_DEBUG_INFO = YES;
				ONLY_ACTIVE_ARCH = YES;
				SDKROOT = iphoneos;
				SWIFT_OPTIMIZATION_LEVEL = "-Onone";
				TARGETED_DEVICE_FAMILY = "1,2";
			};
			name = Debug;
		};
		680C7BDC1B9EC64600FC6DAA /* Release */ = {
			isa = XCBuildConfiguration;
			buildSettings = {
				ALWAYS_SEARCH_USER_PATHS = NO;
				CLANG_CXX_LANGUAGE_STANDARD = "gnu++0x";
				CLANG_CXX_LIBRARY = "libc++";
				CLANG_ENABLE_MODULES = YES;
				CLANG_ENABLE_OBJC_ARC = YES;
				CLANG_WARN_BOOL_CONVERSION = YES;
				CLANG_WARN_CONSTANT_CONVERSION = YES;
				CLANG_WARN_DIRECT_OBJC_ISA_USAGE = YES_ERROR;
				CLANG_WARN_EMPTY_BODY = YES;
				CLANG_WARN_ENUM_CONVERSION = YES;
				CLANG_WARN_INT_CONVERSION = YES;
				CLANG_WARN_OBJC_ROOT_CLASS = YES_ERROR;
				CLANG_WARN_UNREACHABLE_CODE = YES;
				CLANG_WARN__DUPLICATE_METHOD_MATCH = YES;
				"CODE_SIGN_IDENTITY[sdk=iphoneos*]" = "iPhone Developer";
				COPY_PHASE_STRIP = NO;
				DEBUG_INFORMATION_FORMAT = "dwarf-with-dsym";
				ENABLE_NS_ASSERTIONS = NO;
				ENABLE_STRICT_OBJC_MSGSEND = YES;
				GCC_C_LANGUAGE_STANDARD = gnu99;
				GCC_NO_COMMON_BLOCKS = YES;
				GCC_WARN_64_TO_32_BIT_CONVERSION = YES;
				GCC_WARN_ABOUT_RETURN_TYPE = YES_ERROR;
				GCC_WARN_UNDECLARED_SELECTOR = YES;
				GCC_WARN_UNINITIALIZED_AUTOS = YES_AGGRESSIVE;
				GCC_WARN_UNUSED_FUNCTION = YES;
				GCC_WARN_UNUSED_VARIABLE = YES;
				IPHONEOS_DEPLOYMENT_TARGET = 9.0;
				MTL_ENABLE_DEBUG_INFO = NO;
				SDKROOT = iphoneos;
				TARGETED_DEVICE_FAMILY = "1,2";
				VALIDATE_PRODUCT = YES;
			};
			name = Release;
		};
		680C7BDE1B9EC64600FC6DAA /* Debug */ = {
			isa = XCBuildConfiguration;
			buildSettings = {
				ASSETCATALOG_COMPILER_APPICON_NAME = AppIcon;
				INFOPLIST_FILE = Simulation/Info.plist;
				IPHONEOS_DEPLOYMENT_TARGET = 9.0;
				LD_RUNPATH_SEARCH_PATHS = "$(inherited) @executable_path/Frameworks";
				PRODUCT_BUNDLE_IDENTIFIER = "com.haoyun.$(PRODUCT_NAME:rfc1034identifier)";
				PRODUCT_NAME = "$(TARGET_NAME)";
			};
			name = Debug;
		};
		680C7BDF1B9EC64600FC6DAA /* Release */ = {
			isa = XCBuildConfiguration;
			buildSettings = {
				ASSETCATALOG_COMPILER_APPICON_NAME = AppIcon;
				INFOPLIST_FILE = Simulation/Info.plist;
				IPHONEOS_DEPLOYMENT_TARGET = 9.0;
				LD_RUNPATH_SEARCH_PATHS = "$(inherited) @executable_path/Frameworks";
				PRODUCT_BUNDLE_IDENTIFIER = "com.haoyun.$(PRODUCT_NAME:rfc1034identifier)";
				PRODUCT_NAME = "$(TARGET_NAME)";
			};
			name = Release;
		};
		680C7BE11B9EC64600FC6DAA /* Debug */ = {
			isa = XCBuildConfiguration;
			buildSettings = {
				BUNDLE_LOADER = "$(TEST_HOST)";
				FRAMEWORK_SEARCH_PATHS = (
					"$(SDKROOT)/Developer/Library/Frameworks",
					"$(inherited)",
				);
				GCC_PREPROCESSOR_DEFINITIONS = (
					"DEBUG=1",
					"$(inherited)",
				);
				INFOPLIST_FILE = SimulationTests/Info.plist;
				LD_RUNPATH_SEARCH_PATHS = "$(inherited) @executable_path/Frameworks @loader_path/Frameworks";
				PRODUCT_BUNDLE_IDENTIFIER = "com.haoyun.$(PRODUCT_NAME:rfc1034identifier)";
				PRODUCT_NAME = "$(TARGET_NAME)";
				TEST_HOST = "$(BUILT_PRODUCTS_DIR)/Simulation.app/Simulation";
			};
			name = Debug;
		};
		680C7BE21B9EC64600FC6DAA /* Release */ = {
			isa = XCBuildConfiguration;
			buildSettings = {
				BUNDLE_LOADER = "$(TEST_HOST)";
				FRAMEWORK_SEARCH_PATHS = (
					"$(SDKROOT)/Developer/Library/Frameworks",
					"$(inherited)",
				);
				INFOPLIST_FILE = SimulationTests/Info.plist;
				LD_RUNPATH_SEARCH_PATHS = "$(inherited) @executable_path/Frameworks @loader_path/Frameworks";
				PRODUCT_BUNDLE_IDENTIFIER = "com.haoyun.$(PRODUCT_NAME:rfc1034identifier)";
				PRODUCT_NAME = "$(TARGET_NAME)";
				TEST_HOST = "$(BUILT_PRODUCTS_DIR)/Simulation.app/Simulation";
			};
			name = Release;
		};
/* End XCBuildConfiguration section */

/* Begin XCConfigurationList section */
		680C7BB91B9EC64600FC6DAA /* Build configuration list for PBXProject "Simulation" */ = {
			isa = XCConfigurationList;
			buildConfigurations = (
				680C7BDB1B9EC64600FC6DAA /* Debug */,
				680C7BDC1B9EC64600FC6DAA /* Release */,
			);
			defaultConfigurationIsVisible = 0;
			defaultConfigurationName = Release;
		};
		680C7BDD1B9EC64600FC6DAA /* Build configuration list for PBXNativeTarget "Simulation" */ = {
			isa = XCConfigurationList;
			buildConfigurations = (
				680C7BDE1B9EC64600FC6DAA /* Debug */,
				680C7BDF1B9EC64600FC6DAA /* Release */,
			);
			defaultConfigurationIsVisible = 0;
			defaultConfigurationName = Release;
		};
		680C7BE01B9EC64600FC6DAA /* Build configuration list for PBXNativeTarget "SimulationTests" */ = {
			isa = XCConfigurationList;
			buildConfigurations = (
				680C7BE11B9EC64600FC6DAA /* Debug */,
				680C7BE21B9EC64600FC6DAA /* Release */,
			);
			defaultConfigurationIsVisible = 0;
			defaultConfigurationName = Release;
		};
/* End XCConfigurationList section */
	};
	rootObject = 680C7BB61B9EC64600FC6DAA /* Project object */;
}
